
Microsoft Visual Studio Solution File, Format Version 12.00
# Visual Studio Version 17
VisualStudioVersion = 17.8.34511.84
MinimumVisualStudioVersion = 10.0.40219.1
Project("{8BC9CEB8-8B4A-11D0-8D11-00A0C91BC942}") = "sshproxy", "sshproxy.vcxproj", "{CB014895-76B9-4491-83FD-8A5306B7A40E}"
EndProject
Project("{8BC9CEB8-8B4A-11D0-8D11-00A0C91BC942}") = "libssh2_static", "src\libssh2\1.11.0\libssh2_static.vcxproj", "{54219DFC-F4D4-3A9A-995C-F06F9D6CEFA9}"
EndProject
Global
	GlobalSection(SolutionConfigurationPlatforms) = preSolution
		Debug|x64 = Debug|x64
		Debug|x86 = Debug|x86
		Release|x64 = Release|x64
		Release|x86 = Release|x86
	EndGlobalSection
	GlobalSection(ProjectConfigurationPlatforms) = postSolution
		{CB014895-76B9-4491-83FD-8A5306B7A40E}.Debug|x64.ActiveCfg = Debug|x64
		{CB014895-76B9-4491-83FD-8A5306B7A40E}.Debug|x64.Build.0 = Debug|x64
		{CB014895-76B9-4491-83FD-8A5306B7A40E}.Debug|x86.ActiveCfg = Debug|Win32
		{CB014895-76B9-4491-83FD-8A5306B7A40E}.Debug|x86.Build.0 = Debug|Win32
		{CB014895-76B9-4491-83FD-8A5306B7A40E}.Release|x64.ActiveCfg = Release|x64
		{CB014895-76B9-4491-83FD-8A5306B7A40E}.Release|x64.Build.0 = Release|x64
		{CB014895-76B9-4491-83FD-8A5306B7A40E}.Release|x86.ActiveCfg = Debug|Win32
		{CB014895-76B9-4491-83FD-8A5306B7A40E}.Release|x86.Build.0 = Debug|Win32
		{54219DFC-F4D4-3A9A-995C-F06F9D6CEFA9}.Debug|x64.ActiveCfg = Debug|x64
		{54219DFC-F4D4-3A9A-995C-F06F9D6CEFA9}.Debug|x64.Build.0 = Debug|x64
		{54219DFC-F4D4-3A9A-995C-F06F9D6CEFA9}.Debug|x86.ActiveCfg = Debug|x64
		{54219DFC-F4D4-3A9A-995C-F06F9D6CEFA9}.Debug|x86.Build.0 = Debug|x64
		{54219DFC-F4D4-3A9A-995C-F06F9D6CEFA9}.Release|x64.ActiveCfg = Release|x64
		{54219DFC-F4D4-3A9A-995C-F06F9D6CEFA9}.Release|x64.Build.0 = Release|x64
		{54219DFC-F4D4-3A9A-995C-F06F9D6CEFA9}.Release|x86.ActiveCfg = Release|x64
		{54219DFC-F4D4-3A9A-995C-F06F9D6CEFA9}.Release|x86.Build.0 = Release|x64
	EndGlobalSection
	GlobalSection(SolutionProperties) = preSolution
		HideSolutionNode = FALSE
	EndGlobalSection
	GlobalSection(ExtensibilityGlobals) = postSolution
		SolutionGuid = {748AE854-60DA-497D-9EB1-078B93F4E7FD}
	EndGlobalSection
EndGlobal
